
Microsoft Visual Studio Solution File, Format Version 12.00
# Visual Studio Version 17
VisualStudioVersion = 17.11.35303.130
MinimumVisualStudioVersion = 10.0.40219.1
Project("{9A19103F-16F7-4668-BE54-9A1E7A4F7556}") = "openAIResearch", "openAIResearch\openAIResearch.csproj", "{9B5F4DA9-0B17-4BE4-A72C-2A789EC669B5}"
EndProject
Project("{E53339B2-1760-4266-BCC7-CA923CBCF16C}") = "docker-compose", "docker-compose.dcproj", "{E6795A1E-146D-4ACC-BFEE-39BAB3EF194B}"
EndProject
Project("{2150E333-8FDC-42A3-9474-1A3956D46DE8}") = "Solution Items", "Solution Items", "{7EDC1CB3-E929-4034-A5FA-5418EA0984C0}"
	ProjectSection(SolutionItems) = preProject
		.editorconfig = .editorconfig
	EndProjectSection
EndProject
Global
	GlobalSection(SolutionConfigurationPlatforms) = preSolution
		Debug|Any CPU = Debug|Any CPU
		Release|Any CPU = Release|Any CPU
	EndGlobalSection
	GlobalSection(ProjectConfigurationPlatforms) = postSolution
		{9B5F4DA9-0B17-4BE4-A72C-2A789EC669B5}.Debug|Any CPU.ActiveCfg = Debug|Any CPU
		{9B5F4DA9-0B17-4BE4-A72C-2A789EC669B5}.Debug|Any CPU.Build.0 = Debug|Any CPU
		{9B5F4DA9-0B17-4BE4-A72C-2A789EC669B5}.Release|Any CPU.ActiveCfg = Release|Any CPU
		{9B5F4DA9-0B17-4BE4-A72C-2A789EC669B5}.Release|Any CPU.Build.0 = Release|Any CPU
		{E6795A1E-146D-4ACC-BFEE-39BAB3EF194B}.Debug|Any CPU.ActiveCfg = Debug|Any CPU
		{E6795A1E-146D-4ACC-BFEE-39BAB3EF194B}.Debug|Any CPU.Build.0 = Debug|Any CPU
		{E6795A1E-146D-4ACC-BFEE-39BAB3EF194B}.Release|Any CPU.ActiveCfg = Release|Any CPU
		{E6795A1E-146D-4ACC-BFEE-39BAB3EF194B}.Release|Any CPU.Build.0 = Release|Any CPU
	EndGlobalSection
	GlobalSection(SolutionProperties) = preSolution
		HideSolutionNode = FALSE
	EndGlobalSection
	GlobalSection(ExtensibilityGlobals) = postSolution
		SolutionGuid = {50FE8DE0-08A4-4170-AB0E-AD62DC184E83}
	EndGlobalSection
EndGlobal
